
Microsoft Visual Studio Solution File, Format Version 12.00
# Visual Studio 2013
VisualStudioVersion = 12.0.0.0
MinimumVisualStudioVersion = 10.0.0.1

Project("{2150E333-8FDC-42A3-9474-1A3956D46DE8}") = "metadata", ".\", "{F1A57014-71CE-4032-A652-01B7E35E14DB}"
	ProjectSection(SolutionItems) = preProject
		.gitignore = .gitignore
		README.md = README.md
		stylecop.json = stylecop.json
		stylecop.ruleset = stylecop.ruleset
		.travis.yml = .travis.yml
		Directory.Build.props = Directory.Build.props
	EndProjectSection
EndProject

Project("{FAE04EC0-301F-11D3-BF4B-00C04F79EFBC}") = "digos_ambassador", "digos-ambassador/digos-ambassador.csproj", "{D44A340E-6344-4E42-827C-E63C12C603BE}"
EndProject
Project("{FAE04EC0-301F-11D3-BF4B-00C04F79EFBC}") = "DIGOS.Ambassador.Tests", "Tests\DIGOS.Ambassador.Tests\DIGOS.Ambassador.Tests.csproj", "{60C5B2AC-336F-45FA-87CC-B18265F073F7}"
EndProject
Project("{FAE04EC0-301F-11D3-BF4B-00C04F79EFBC}") = "digos-ambassador.Tools", "digos-ambassador.Tools\digos-ambassador.Tools.csproj", "{3F5CD95D-F64C-4CD0-82BF-224156733C9B}"
EndProject
Project("{FAE04EC0-301F-11D3-BF4B-00C04F79EFBC}") = "digos-ambassador.DocumentationGenerator", "digos-ambassador.Doc\digos-ambassador.Doc.csproj", "{B90660FB-2903-4FE4-BBE3-4E46A3D1A29B}"
EndProject
Project("{2150E333-8FDC-42A3-9474-1A3956D46DE8}") = "Tests", "Tests", "{1EDC2213-9E6B-4F55-974F-6466F48B4385}"
EndProject
Project("{2150E333-8FDC-42A3-9474-1A3956D46DE8}") = "Plugins", "Plugins", "{4A182B87-C1AD-49B5-A162-86AEFACCE002}"
EndProject
Project("{FAE04EC0-301F-11D3-BF4B-00C04F79EFBC}") = "DIGOS.Ambassador.Plugins.Abstractions.Database", "Plugins\DIGOS.Ambassador.Plugins.Abstractions.Database\DIGOS.Ambassador.Plugins.Abstractions.Database.csproj", "{960B1A51-FD6F-4DB0-AA4C-AC16DD70C72E}"
EndProject
Project("{FAE04EC0-301F-11D3-BF4B-00C04F79EFBC}") = "DIGOS.Ambassador.Plugins.Dossiers", "Plugins\DIGOS.Ambassador.Plugins.Dossiers\DIGOS.Ambassador.Plugins.Dossiers.csproj", "{89E2F9ED-492B-478A-BE50-A328F44F9E29}"
EndProject
Project("{FAE04EC0-301F-11D3-BF4B-00C04F79EFBC}") = "DIGOS.Ambassador.Core.Database", "Core\DIGOS.Ambassador.Core.Database\DIGOS.Ambassador.Core.Database.csproj", "{69AC79BB-424F-4DDB-BE5F-7A8337BC9DBC}"
EndProject
Project("{2150E333-8FDC-42A3-9474-1A3956D46DE8}") = "Core", "Core", "{4FA808D1-BAC7-4987-BBC7-54B497CC7178}"
EndProject
Project("{FAE04EC0-301F-11D3-BF4B-00C04F79EFBC}") = "DIGOS.Ambassador.Core", "Core\DIGOS.Ambassador.Core\DIGOS.Ambassador.Core.csproj", "{0CC16FFF-B4CB-4CC3-8D1B-3852C15F7B5A}"
EndProject
Project("{FAE04EC0-301F-11D3-BF4B-00C04F79EFBC}") = "DIGOS.Ambassador.Discord.Pagination", "Discord\DIGOS.Ambassador.Discord.Pagination\DIGOS.Ambassador.Discord.Pagination.csproj", "{48809D9C-C812-4A15-8ED4-3C5405A00629}"
EndProject
Project("{2150E333-8FDC-42A3-9474-1A3956D46DE8}") = "Discord", "Discord", "{32FD6420-7C3B-4C7E-8085-0A534BB5E467}"
EndProject
Project("{FAE04EC0-301F-11D3-BF4B-00C04F79EFBC}") = "DIGOS.Ambassador.Discord.Feedback", "Discord\DIGOS.Ambassador.Discord.Feedback\DIGOS.Ambassador.Discord.Feedback.csproj", "{1C087D04-2C70-49DF-98A8-D1FB419E6307}"
EndProject
Project("{FAE04EC0-301F-11D3-BF4B-00C04F79EFBC}") = "DIGOS.Ambassador.Discord.Interactivity", "Discord\DIGOS.Ambassador.Discord.Interactivity\DIGOS.Ambassador.Discord.Interactivity.csproj", "{27EFFFAD-3057-494A-A95C-C585A832ACF5}"
EndProject
Project("{FAE04EC0-301F-11D3-BF4B-00C04F79EFBC}") = "DIGOS.Ambassador.Discord.Extensions", "Discord\DIGOS.Ambassador.Discord.Extensions\DIGOS.Ambassador.Discord.Extensions.csproj", "{715C033C-FD32-42B3-8D93-3177E89FFB0A}"
EndProject
Project("{FAE04EC0-301F-11D3-BF4B-00C04F79EFBC}") = "DIGOS.Ambassador.Plugins.Core", "Plugins\DIGOS.Ambassador.Plugins.Core\DIGOS.Ambassador.Plugins.Core.csproj", "{E3A5758B-AB5B-4BA1-AD4A-198798E9C326}"
EndProject
Project("{FAE04EC0-301F-11D3-BF4B-00C04F79EFBC}") = "DIGOS.Ambassador.Plugins.Permissions", "Plugins\DIGOS.Ambassador.Plugins.Permissions\DIGOS.Ambassador.Plugins.Permissions.csproj", "{34949889-A763-449F-AF35-BB910CB7B603}"
EndProject
Project("{FAE04EC0-301F-11D3-BF4B-00C04F79EFBC}") = "DIGOS.Ambassador.Discord.TypeReaders", "Discord\DIGOS.Ambassador.Discord.TypeReaders\DIGOS.Ambassador.Discord.TypeReaders.csproj", "{47B483C6-64B9-4E40-81AE-319D49C6D726}"
EndProject
Project("{FAE04EC0-301F-11D3-BF4B-00C04F79EFBC}") = "DIGOS.Ambassador.Plugins.Kinks", "Plugins\DIGOS.Ambassador.Plugins.Kinks\DIGOS.Ambassador.Plugins.Kinks.csproj", "{C2555BDF-FE07-4BBA-A5F0-A10034232FAB}"
EndProject
Project("{FAE04EC0-301F-11D3-BF4B-00C04F79EFBC}") = "DIGOS.Ambassador.Plugins.Characters", "Plugins\DIGOS.Ambassador.Plugins.Characters\DIGOS.Ambassador.Plugins.Characters.csproj", "{07BDD4E0-2476-47EC-98B5-E656298A661E}"
EndProject
Project("{FAE04EC0-301F-11D3-BF4B-00C04F79EFBC}") = "DIGOS.Ambassador.Discord", "Discord\DIGOS.Ambassador.Discord\DIGOS.Ambassador.Discord.csproj", "{A166B37A-DBA6-48C9-99C9-8707F45223B5}"
EndProject
Project("{FAE04EC0-301F-11D3-BF4B-00C04F79EFBC}") = "DIGOS.Ambassador.Plugins.Transformations", "Plugins\DIGOS.Ambassador.Plugins.Transformations\DIGOS.Ambassador.Plugins.Transformations.csproj", "{0FB77B43-EA6C-4BF5-BA25-E827204ADA3E}"
EndProject
Project("{FAE04EC0-301F-11D3-BF4B-00C04F79EFBC}") = "DIGOS.Ambassador.Plugins.Roleplaying", "Plugins\DIGOS.Ambassador.Plugins.Roleplaying\DIGOS.Ambassador.Plugins.Roleplaying.csproj", "{3CBF81C3-59B9-401D-BA61-00D1D07DF9A0}"
EndProject
Project("{FAE04EC0-301F-11D3-BF4B-00C04F79EFBC}") = "DIGOS.Ambassador.Discord.Behaviours", "Discord\DIGOS.Ambassador.Discord.Behaviours\DIGOS.Ambassador.Discord.Behaviours.csproj", "{1985DE46-6A6D-438E-B6F8-B38798698CE9}"
EndProject
Project("{2150E333-8FDC-42A3-9474-1A3956D46DE8}") = "Plugins", "Plugins", "{D01849C4-E9C7-4BB8-BFDF-970FE307C82A}"
EndProject
Project("{FAE04EC0-301F-11D3-BF4B-00C04F79EFBC}") = "DIGOS.Ambassador.Tests.Plugins.Permissions", "Tests\Plugins\DIGOS.Ambassador.Tests.Plugins.Permissions\DIGOS.Ambassador.Tests.Plugins.Permissions.csproj", "{4BA84E2A-967C-4D23-A714-301190189C8F}"
EndProject
Project("{FAE04EC0-301F-11D3-BF4B-00C04F79EFBC}") = "DIGOS.Ambassador.Tests.Plugins.Core", "Tests\Plugins\DIGOS.Ambassador.Tests.Plugins.Core\DIGOS.Ambassador.Tests.Plugins.Core.csproj", "{30EA5C14-BDE3-45E0-AFA0-09F89561FB61}"
EndProject
Project("{FAE04EC0-301F-11D3-BF4B-00C04F79EFBC}") = "DIGOS.Ambassador.Tests.Plugins.Characters", "Tests\Plugins\DIGOS.Ambassador.Tests.Plugins.Characters\DIGOS.Ambassador.Tests.Plugins.Characters.csproj", "{36B13AA8-9BCB-446A-9FA3-640813A0F127}"
EndProject
Project("{FAE04EC0-301F-11D3-BF4B-00C04F79EFBC}") = "DIGOS.Ambassador.Tests.Plugins.Roleplaying", "Tests\Plugins\DIGOS.Ambassador.Tests.Plugins.Roleplaying\DIGOS.Ambassador.Tests.Plugins.Roleplaying.csproj", "{3889A9A0-0E12-4362-A7E1-9CF7F67F7948}"
EndProject
Project("{FAE04EC0-301F-11D3-BF4B-00C04F79EFBC}") = "DIGOS.Ambassador.Tests.Plugins.Transformations", "Tests\Plugins\DIGOS.Ambassador.Tests.Plugins.Transformations\DIGOS.Ambassador.Tests.Plugins.Transformations.csproj", "{86B9E4EE-9341-460D-BA33-B78EA98494D3}"
EndProject
Project("{2150E333-8FDC-42A3-9474-1A3956D46DE8}") = "Core", "Core", "{7264D62F-AFCC-4191-BB5C-8479034F6D0F}"
EndProject
Project("{FAE04EC0-301F-11D3-BF4B-00C04F79EFBC}") = "DIGOS.Ambassador.Core.Tests", "Tests\Core\DIGOS.Ambassador.Core.Tests\DIGOS.Ambassador.Core.Tests.csproj", "{B89CD370-2A78-43F8-89BB-ED9DD4E8622D}"
EndProject
Project("{FAE04EC0-301F-11D3-BF4B-00C04F79EFBC}") = "DIGOS.Ambassador.Plugins.Moderation", "Plugins\DIGOS.Ambassador.Plugins.Moderation\DIGOS.Ambassador.Plugins.Moderation.csproj", "{7CE2854B-3903-46E5-B5F9-E96E9C307E47}"
EndProject
Project("{FAE04EC0-301F-11D3-BF4B-00C04F79EFBC}") = "DIGOS.Ambassador.Tests.Plugins.Moderation", "Tests\Plugins\DIGOS.Ambassador.Tests.Plugins.Moderation\DIGOS.Ambassador.Tests.Plugins.Moderation.csproj", "{044207BC-7742-4157-B619-0DF631285F7F}"
EndProject
Global
	GlobalSection(SolutionConfigurationPlatforms) = preSolution
		Debug|Any CPU = Debug|Any CPU
		Release|Any CPU = Release|Any CPU
	EndGlobalSection
	GlobalSection(ProjectConfigurationPlatforms) = postSolution
		{D44A340E-6344-4E42-827C-E63C12C603BE}.Debug|Any CPU.ActiveCfg = Debug|Any CPU
		{D44A340E-6344-4E42-827C-E63C12C603BE}.Debug|Any CPU.Build.0 = Debug|Any CPU
		{D44A340E-6344-4E42-827C-E63C12C603BE}.Release|Any CPU.ActiveCfg = Release|Any CPU
		{D44A340E-6344-4E42-827C-E63C12C603BE}.Release|Any CPU.Build.0 = Release|Any CPU
		{60C5B2AC-336F-45FA-87CC-B18265F073F7}.Debug|Any CPU.ActiveCfg = Debug|Any CPU
		{60C5B2AC-336F-45FA-87CC-B18265F073F7}.Debug|Any CPU.Build.0 = Debug|Any CPU
		{60C5B2AC-336F-45FA-87CC-B18265F073F7}.Release|Any CPU.ActiveCfg = Release|Any CPU
		{60C5B2AC-336F-45FA-87CC-B18265F073F7}.Release|Any CPU.Build.0 = Release|Any CPU
		{3F5CD95D-F64C-4CD0-82BF-224156733C9B}.Debug|Any CPU.ActiveCfg = Debug|Any CPU
		{3F5CD95D-F64C-4CD0-82BF-224156733C9B}.Debug|Any CPU.Build.0 = Debug|Any CPU
		{3F5CD95D-F64C-4CD0-82BF-224156733C9B}.Release|Any CPU.ActiveCfg = Release|Any CPU
		{3F5CD95D-F64C-4CD0-82BF-224156733C9B}.Release|Any CPU.Build.0 = Release|Any CPU
		{B90660FB-2903-4FE4-BBE3-4E46A3D1A29B}.Debug|Any CPU.ActiveCfg = Debug|Any CPU
		{B90660FB-2903-4FE4-BBE3-4E46A3D1A29B}.Debug|Any CPU.Build.0 = Debug|Any CPU
		{B90660FB-2903-4FE4-BBE3-4E46A3D1A29B}.Release|Any CPU.ActiveCfg = Release|Any CPU
		{B90660FB-2903-4FE4-BBE3-4E46A3D1A29B}.Release|Any CPU.Build.0 = Release|Any CPU
		{960B1A51-FD6F-4DB0-AA4C-AC16DD70C72E}.Debug|Any CPU.ActiveCfg = Debug|Any CPU
		{960B1A51-FD6F-4DB0-AA4C-AC16DD70C72E}.Debug|Any CPU.Build.0 = Debug|Any CPU
		{960B1A51-FD6F-4DB0-AA4C-AC16DD70C72E}.Release|Any CPU.ActiveCfg = Release|Any CPU
		{960B1A51-FD6F-4DB0-AA4C-AC16DD70C72E}.Release|Any CPU.Build.0 = Release|Any CPU
		{89E2F9ED-492B-478A-BE50-A328F44F9E29}.Debug|Any CPU.ActiveCfg = Debug|Any CPU
		{89E2F9ED-492B-478A-BE50-A328F44F9E29}.Debug|Any CPU.Build.0 = Debug|Any CPU
		{89E2F9ED-492B-478A-BE50-A328F44F9E29}.Release|Any CPU.ActiveCfg = Release|Any CPU
		{89E2F9ED-492B-478A-BE50-A328F44F9E29}.Release|Any CPU.Build.0 = Release|Any CPU
		{69AC79BB-424F-4DDB-BE5F-7A8337BC9DBC}.Debug|Any CPU.ActiveCfg = Debug|Any CPU
		{69AC79BB-424F-4DDB-BE5F-7A8337BC9DBC}.Debug|Any CPU.Build.0 = Debug|Any CPU
		{69AC79BB-424F-4DDB-BE5F-7A8337BC9DBC}.Release|Any CPU.ActiveCfg = Release|Any CPU
		{69AC79BB-424F-4DDB-BE5F-7A8337BC9DBC}.Release|Any CPU.Build.0 = Release|Any CPU
		{0CC16FFF-B4CB-4CC3-8D1B-3852C15F7B5A}.Debug|Any CPU.ActiveCfg = Debug|Any CPU
		{0CC16FFF-B4CB-4CC3-8D1B-3852C15F7B5A}.Debug|Any CPU.Build.0 = Debug|Any CPU
		{0CC16FFF-B4CB-4CC3-8D1B-3852C15F7B5A}.Release|Any CPU.ActiveCfg = Release|Any CPU
		{0CC16FFF-B4CB-4CC3-8D1B-3852C15F7B5A}.Release|Any CPU.Build.0 = Release|Any CPU
		{48809D9C-C812-4A15-8ED4-3C5405A00629}.Debug|Any CPU.ActiveCfg = Debug|Any CPU
		{48809D9C-C812-4A15-8ED4-3C5405A00629}.Debug|Any CPU.Build.0 = Debug|Any CPU
		{48809D9C-C812-4A15-8ED4-3C5405A00629}.Release|Any CPU.ActiveCfg = Release|Any CPU
		{48809D9C-C812-4A15-8ED4-3C5405A00629}.Release|Any CPU.Build.0 = Release|Any CPU
		{1C087D04-2C70-49DF-98A8-D1FB419E6307}.Debug|Any CPU.ActiveCfg = Debug|Any CPU
		{1C087D04-2C70-49DF-98A8-D1FB419E6307}.Debug|Any CPU.Build.0 = Debug|Any CPU
		{1C087D04-2C70-49DF-98A8-D1FB419E6307}.Release|Any CPU.ActiveCfg = Release|Any CPU
		{1C087D04-2C70-49DF-98A8-D1FB419E6307}.Release|Any CPU.Build.0 = Release|Any CPU
		{27EFFFAD-3057-494A-A95C-C585A832ACF5}.Debug|Any CPU.ActiveCfg = Debug|Any CPU
		{27EFFFAD-3057-494A-A95C-C585A832ACF5}.Debug|Any CPU.Build.0 = Debug|Any CPU
		{27EFFFAD-3057-494A-A95C-C585A832ACF5}.Release|Any CPU.ActiveCfg = Release|Any CPU
		{27EFFFAD-3057-494A-A95C-C585A832ACF5}.Release|Any CPU.Build.0 = Release|Any CPU
		{715C033C-FD32-42B3-8D93-3177E89FFB0A}.Debug|Any CPU.ActiveCfg = Debug|Any CPU
		{715C033C-FD32-42B3-8D93-3177E89FFB0A}.Debug|Any CPU.Build.0 = Debug|Any CPU
		{715C033C-FD32-42B3-8D93-3177E89FFB0A}.Release|Any CPU.ActiveCfg = Release|Any CPU
		{715C033C-FD32-42B3-8D93-3177E89FFB0A}.Release|Any CPU.Build.0 = Release|Any CPU
		{E3A5758B-AB5B-4BA1-AD4A-198798E9C326}.Debug|Any CPU.ActiveCfg = Debug|Any CPU
		{E3A5758B-AB5B-4BA1-AD4A-198798E9C326}.Debug|Any CPU.Build.0 = Debug|Any CPU
		{E3A5758B-AB5B-4BA1-AD4A-198798E9C326}.Release|Any CPU.ActiveCfg = Release|Any CPU
		{E3A5758B-AB5B-4BA1-AD4A-198798E9C326}.Release|Any CPU.Build.0 = Release|Any CPU
		{34949889-A763-449F-AF35-BB910CB7B603}.Debug|Any CPU.ActiveCfg = Debug|Any CPU
		{34949889-A763-449F-AF35-BB910CB7B603}.Debug|Any CPU.Build.0 = Debug|Any CPU
		{34949889-A763-449F-AF35-BB910CB7B603}.Release|Any CPU.ActiveCfg = Release|Any CPU
		{34949889-A763-449F-AF35-BB910CB7B603}.Release|Any CPU.Build.0 = Release|Any CPU
		{47B483C6-64B9-4E40-81AE-319D49C6D726}.Debug|Any CPU.ActiveCfg = Debug|Any CPU
		{47B483C6-64B9-4E40-81AE-319D49C6D726}.Debug|Any CPU.Build.0 = Debug|Any CPU
		{47B483C6-64B9-4E40-81AE-319D49C6D726}.Release|Any CPU.ActiveCfg = Release|Any CPU
		{47B483C6-64B9-4E40-81AE-319D49C6D726}.Release|Any CPU.Build.0 = Release|Any CPU
		{C2555BDF-FE07-4BBA-A5F0-A10034232FAB}.Debug|Any CPU.ActiveCfg = Debug|Any CPU
		{C2555BDF-FE07-4BBA-A5F0-A10034232FAB}.Debug|Any CPU.Build.0 = Debug|Any CPU
		{C2555BDF-FE07-4BBA-A5F0-A10034232FAB}.Release|Any CPU.ActiveCfg = Release|Any CPU
		{C2555BDF-FE07-4BBA-A5F0-A10034232FAB}.Release|Any CPU.Build.0 = Release|Any CPU
		{07BDD4E0-2476-47EC-98B5-E656298A661E}.Debug|Any CPU.ActiveCfg = Debug|Any CPU
		{07BDD4E0-2476-47EC-98B5-E656298A661E}.Debug|Any CPU.Build.0 = Debug|Any CPU
		{07BDD4E0-2476-47EC-98B5-E656298A661E}.Release|Any CPU.ActiveCfg = Release|Any CPU
		{07BDD4E0-2476-47EC-98B5-E656298A661E}.Release|Any CPU.Build.0 = Release|Any CPU
		{A166B37A-DBA6-48C9-99C9-8707F45223B5}.Debug|Any CPU.ActiveCfg = Debug|Any CPU
		{A166B37A-DBA6-48C9-99C9-8707F45223B5}.Debug|Any CPU.Build.0 = Debug|Any CPU
		{A166B37A-DBA6-48C9-99C9-8707F45223B5}.Release|Any CPU.ActiveCfg = Release|Any CPU
		{A166B37A-DBA6-48C9-99C9-8707F45223B5}.Release|Any CPU.Build.0 = Release|Any CPU
		{0FB77B43-EA6C-4BF5-BA25-E827204ADA3E}.Debug|Any CPU.ActiveCfg = Debug|Any CPU
		{0FB77B43-EA6C-4BF5-BA25-E827204ADA3E}.Debug|Any CPU.Build.0 = Debug|Any CPU
		{0FB77B43-EA6C-4BF5-BA25-E827204ADA3E}.Release|Any CPU.ActiveCfg = Release|Any CPU
		{0FB77B43-EA6C-4BF5-BA25-E827204ADA3E}.Release|Any CPU.Build.0 = Release|Any CPU
		{3CBF81C3-59B9-401D-BA61-00D1D07DF9A0}.Debug|Any CPU.ActiveCfg = Debug|Any CPU
		{3CBF81C3-59B9-401D-BA61-00D1D07DF9A0}.Debug|Any CPU.Build.0 = Debug|Any CPU
		{3CBF81C3-59B9-401D-BA61-00D1D07DF9A0}.Release|Any CPU.ActiveCfg = Release|Any CPU
		{3CBF81C3-59B9-401D-BA61-00D1D07DF9A0}.Release|Any CPU.Build.0 = Release|Any CPU
		{1985DE46-6A6D-438E-B6F8-B38798698CE9}.Debug|Any CPU.ActiveCfg = Debug|Any CPU
		{1985DE46-6A6D-438E-B6F8-B38798698CE9}.Debug|Any CPU.Build.0 = Debug|Any CPU
		{1985DE46-6A6D-438E-B6F8-B38798698CE9}.Release|Any CPU.ActiveCfg = Release|Any CPU
		{1985DE46-6A6D-438E-B6F8-B38798698CE9}.Release|Any CPU.Build.0 = Release|Any CPU
		{4BA84E2A-967C-4D23-A714-301190189C8F}.Debug|Any CPU.ActiveCfg = Debug|Any CPU
		{4BA84E2A-967C-4D23-A714-301190189C8F}.Debug|Any CPU.Build.0 = Debug|Any CPU
		{4BA84E2A-967C-4D23-A714-301190189C8F}.Release|Any CPU.ActiveCfg = Release|Any CPU
		{4BA84E2A-967C-4D23-A714-301190189C8F}.Release|Any CPU.Build.0 = Release|Any CPU
		{30EA5C14-BDE3-45E0-AFA0-09F89561FB61}.Debug|Any CPU.ActiveCfg = Debug|Any CPU
		{30EA5C14-BDE3-45E0-AFA0-09F89561FB61}.Debug|Any CPU.Build.0 = Debug|Any CPU
		{30EA5C14-BDE3-45E0-AFA0-09F89561FB61}.Release|Any CPU.ActiveCfg = Release|Any CPU
		{30EA5C14-BDE3-45E0-AFA0-09F89561FB61}.Release|Any CPU.Build.0 = Release|Any CPU
		{36B13AA8-9BCB-446A-9FA3-640813A0F127}.Debug|Any CPU.ActiveCfg = Debug|Any CPU
		{36B13AA8-9BCB-446A-9FA3-640813A0F127}.Debug|Any CPU.Build.0 = Debug|Any CPU
		{36B13AA8-9BCB-446A-9FA3-640813A0F127}.Release|Any CPU.ActiveCfg = Release|Any CPU
		{36B13AA8-9BCB-446A-9FA3-640813A0F127}.Release|Any CPU.Build.0 = Release|Any CPU
		{3889A9A0-0E12-4362-A7E1-9CF7F67F7948}.Debug|Any CPU.ActiveCfg = Debug|Any CPU
		{3889A9A0-0E12-4362-A7E1-9CF7F67F7948}.Debug|Any CPU.Build.0 = Debug|Any CPU
		{3889A9A0-0E12-4362-A7E1-9CF7F67F7948}.Release|Any CPU.ActiveCfg = Release|Any CPU
		{3889A9A0-0E12-4362-A7E1-9CF7F67F7948}.Release|Any CPU.Build.0 = Release|Any CPU
		{86B9E4EE-9341-460D-BA33-B78EA98494D3}.Debug|Any CPU.ActiveCfg = Debug|Any CPU
		{86B9E4EE-9341-460D-BA33-B78EA98494D3}.Debug|Any CPU.Build.0 = Debug|Any CPU
		{86B9E4EE-9341-460D-BA33-B78EA98494D3}.Release|Any CPU.ActiveCfg = Release|Any CPU
		{86B9E4EE-9341-460D-BA33-B78EA98494D3}.Release|Any CPU.Build.0 = Release|Any CPU
		{B89CD370-2A78-43F8-89BB-ED9DD4E8622D}.Debug|Any CPU.ActiveCfg = Debug|Any CPU
		{B89CD370-2A78-43F8-89BB-ED9DD4E8622D}.Debug|Any CPU.Build.0 = Debug|Any CPU
		{B89CD370-2A78-43F8-89BB-ED9DD4E8622D}.Release|Any CPU.ActiveCfg = Release|Any CPU
		{B89CD370-2A78-43F8-89BB-ED9DD4E8622D}.Release|Any CPU.Build.0 = Release|Any CPU
		{7CE2854B-3903-46E5-B5F9-E96E9C307E47}.Debug|Any CPU.ActiveCfg = Debug|Any CPU
		{7CE2854B-3903-46E5-B5F9-E96E9C307E47}.Debug|Any CPU.Build.0 = Debug|Any CPU
		{7CE2854B-3903-46E5-B5F9-E96E9C307E47}.Release|Any CPU.ActiveCfg = Release|Any CPU
		{7CE2854B-3903-46E5-B5F9-E96E9C307E47}.Release|Any CPU.Build.0 = Release|Any CPU
		{044207BC-7742-4157-B619-0DF631285F7F}.Debug|Any CPU.ActiveCfg = Debug|Any CPU
		{044207BC-7742-4157-B619-0DF631285F7F}.Debug|Any CPU.Build.0 = Debug|Any CPU
		{044207BC-7742-4157-B619-0DF631285F7F}.Release|Any CPU.ActiveCfg = Release|Any CPU
		{044207BC-7742-4157-B619-0DF631285F7F}.Release|Any CPU.Build.0 = Release|Any CPU
	EndGlobalSection
	GlobalSection(SolutionProperties) = preSolution
		HideSolutionNode = FALSE
	EndGlobalSection
	GlobalSection(NestedProjects) = preSolution
		{60C5B2AC-336F-45FA-87CC-B18265F073F7} = {1EDC2213-9E6B-4F55-974F-6466F48B4385}
		{960B1A51-FD6F-4DB0-AA4C-AC16DD70C72E} = {4A182B87-C1AD-49B5-A162-86AEFACCE002}
		{89E2F9ED-492B-478A-BE50-A328F44F9E29} = {4A182B87-C1AD-49B5-A162-86AEFACCE002}
		{69AC79BB-424F-4DDB-BE5F-7A8337BC9DBC} = {4FA808D1-BAC7-4987-BBC7-54B497CC7178}
		{0CC16FFF-B4CB-4CC3-8D1B-3852C15F7B5A} = {4FA808D1-BAC7-4987-BBC7-54B497CC7178}
		{48809D9C-C812-4A15-8ED4-3C5405A00629} = {32FD6420-7C3B-4C7E-8085-0A534BB5E467}
		{1C087D04-2C70-49DF-98A8-D1FB419E6307} = {32FD6420-7C3B-4C7E-8085-0A534BB5E467}
		{27EFFFAD-3057-494A-A95C-C585A832ACF5} = {32FD6420-7C3B-4C7E-8085-0A534BB5E467}
		{715C033C-FD32-42B3-8D93-3177E89FFB0A} = {32FD6420-7C3B-4C7E-8085-0A534BB5E467}
		{E3A5758B-AB5B-4BA1-AD4A-198798E9C326} = {4A182B87-C1AD-49B5-A162-86AEFACCE002}
		{47B483C6-64B9-4E40-81AE-319D49C6D726} = {32FD6420-7C3B-4C7E-8085-0A534BB5E467}
		{34949889-A763-449F-AF35-BB910CB7B603} = {4A182B87-C1AD-49B5-A162-86AEFACCE002}
		{C2555BDF-FE07-4BBA-A5F0-A10034232FAB} = {4A182B87-C1AD-49B5-A162-86AEFACCE002}
		{07BDD4E0-2476-47EC-98B5-E656298A661E} = {4A182B87-C1AD-49B5-A162-86AEFACCE002}
		{A166B37A-DBA6-48C9-99C9-8707F45223B5} = {32FD6420-7C3B-4C7E-8085-0A534BB5E467}
		{0FB77B43-EA6C-4BF5-BA25-E827204ADA3E} = {4A182B87-C1AD-49B5-A162-86AEFACCE002}
		{3CBF81C3-59B9-401D-BA61-00D1D07DF9A0} = {4A182B87-C1AD-49B5-A162-86AEFACCE002}
		{1985DE46-6A6D-438E-B6F8-B38798698CE9} = {32FD6420-7C3B-4C7E-8085-0A534BB5E467}
		{D01849C4-E9C7-4BB8-BFDF-970FE307C82A} = {1EDC2213-9E6B-4F55-974F-6466F48B4385}
		{4BA84E2A-967C-4D23-A714-301190189C8F} = {D01849C4-E9C7-4BB8-BFDF-970FE307C82A}
		{30EA5C14-BDE3-45E0-AFA0-09F89561FB61} = {D01849C4-E9C7-4BB8-BFDF-970FE307C82A}
		{36B13AA8-9BCB-446A-9FA3-640813A0F127} = {D01849C4-E9C7-4BB8-BFDF-970FE307C82A}
		{3889A9A0-0E12-4362-A7E1-9CF7F67F7948} = {D01849C4-E9C7-4BB8-BFDF-970FE307C82A}
		{86B9E4EE-9341-460D-BA33-B78EA98494D3} = {D01849C4-E9C7-4BB8-BFDF-970FE307C82A}
		{7264D62F-AFCC-4191-BB5C-8479034F6D0F} = {1EDC2213-9E6B-4F55-974F-6466F48B4385}
		{B89CD370-2A78-43F8-89BB-ED9DD4E8622D} = {7264D62F-AFCC-4191-BB5C-8479034F6D0F}
		{7CE2854B-3903-46E5-B5F9-E96E9C307E47} = {4A182B87-C1AD-49B5-A162-86AEFACCE002}
		{044207BC-7742-4157-B619-0DF631285F7F} = {D01849C4-E9C7-4BB8-BFDF-970FE307C82A}
	EndGlobalSection
EndGlobal
